// !$*UTF8*$!
{
	archiveVersion = 1;
	classes = {
	};
	objectVersion = 46;
	objects = {

/* Begin PBXBuildFile section */
		453BC4920257061A88A15D1F /* Pods_Puzzle_JigsawTests.framework in Frameworks */ = {isa = PBXBuildFile; fileRef = 229D0774F70DC25AE1F27D00 /* Pods_Puzzle_JigsawTests.framework */; };
		AE0110A91F2974CB0010E768 /* Assets.xcassets in Resources */ = {isa = PBXBuildFile; fileRef = AE0110A81F2974CB0010E768 /* Assets.xcassets */; };
		AE0A8DDD1F7B23AC006B0B27 /* Images.xcassets in Resources */ = {isa = PBXBuildFile; fileRef = AE0A8DDC1F7B23AC006B0B27 /* Images.xcassets */; };
		AE3E55151F1550F900956B7B /* AppDelegate.swift in Sources */ = {isa = PBXBuildFile; fileRef = AE3E55141F1550F900956B7B /* AppDelegate.swift */; };
		AE3E551D1F1550F900956B7B /* GameViewController.swift in Sources */ = {isa = PBXBuildFile; fileRef = AE3E551C1F1550F900956B7B /* GameViewController.swift */; };
		AE3E55201F1550F900956B7B /* Main.storyboard in Resources */ = {isa = PBXBuildFile; fileRef = AE3E551E1F1550F900956B7B /* Main.storyboard */; };
		AE3E55251F1550F900956B7B /* LaunchScreen.storyboard in Resources */ = {isa = PBXBuildFile; fileRef = AE3E55231F1550F900956B7B /* LaunchScreen.storyboard */; };
		AE3E55301F1550F900956B7B /* Puzzle_JigsawTests.swift in Sources */ = {isa = PBXBuildFile; fileRef = AE3E552F1F1550F900956B7B /* Puzzle_JigsawTests.swift */; };
		AE3E553C1F15741500956B7B /* Classes.swift in Sources */ = {isa = PBXBuildFile; fileRef = AE3E553B1F15741500956B7B /* Classes.swift */; };
		AE3EBB341F3520430070F00D /* PuzzleMaker.framework in Frameworks */ = {isa = PBXBuildFile; fileRef = AEA02A711F34108F00D2809C /* PuzzleMaker.framework */; };
		AE3EBB351F3520430070F00D /* PuzzleMaker.framework in Embed Frameworks */ = {isa = PBXBuildFile; fileRef = AEA02A711F34108F00D2809C /* PuzzleMaker.framework */; settings = {ATTRIBUTES = (CodeSignOnCopy, RemoveHeadersOnCopy, ); }; };
		AE6FFC751F17E3BE001AF5D6 /* MenuScene.swift in Sources */ = {isa = PBXBuildFile; fileRef = AE6FFC741F17E3BE001AF5D6 /* MenuScene.swift */; };
		AE9C7F8C1F16B380006FFD93 /* Extensions.swift in Sources */ = {isa = PBXBuildFile; fileRef = AE9C7F8B1F16B380006FFD93 /* Extensions.swift */; };
		AEE90E0F1F255B630043C475 /* GameScene.swift in Sources */ = {isa = PBXBuildFile; fileRef = AEE90E0E1F255B630043C475 /* GameScene.swift */; };
		E67B52956FE961A11E5D2568 /* Pods_Puzzle_Jigsaw.framework in Frameworks */ = {isa = PBXBuildFile; fileRef = BE14FD15E5D31AEF12D11238 /* Pods_Puzzle_Jigsaw.framework */; };
/* End PBXBuildFile section */

/* Begin PBXContainerItemProxy section */
		AE3E552C1F1550F900956B7B /* PBXContainerItemProxy */ = {
			isa = PBXContainerItemProxy;
			containerPortal = AE3E55091F1550F900956B7B /* Project object */;
			proxyType = 1;
			remoteGlobalIDString = AE3E55101F1550F900956B7B;
			remoteInfo = "Puzzle Jigsaw";
		};
/* End PBXContainerItemProxy section */

/* Begin PBXCopyFilesBuildPhase section */
		AE3EBB361F3520430070F00D /* Embed Frameworks */ = {
			isa = PBXCopyFilesBuildPhase;
			buildActionMask = 2147483647;
			dstPath = "";
			dstSubfolderSpec = 10;
			files = (
				AE3EBB351F3520430070F00D /* PuzzleMaker.framework in Embed Frameworks */,
			);
			name = "Embed Frameworks";
			runOnlyForDeploymentPostprocessing = 0;
		};
/* End PBXCopyFilesBuildPhase section */

/* Begin PBXFileReference section */
		229D0774F70DC25AE1F27D00 /* Pods_Puzzle_JigsawTests.framework */ = {isa = PBXFileReference; explicitFileType = wrapper.framework; includeInIndex = 0; path = Pods_Puzzle_JigsawTests.framework; sourceTree = BUILT_PRODUCTS_DIR; };
		59F55C6362FB98329949DE88 /* Pods-Puzzle JigsawTests.debug.xcconfig */ = {isa = PBXFileReference; includeInIndex = 1; lastKnownFileType = text.xcconfig; name = "Pods-Puzzle JigsawTests.debug.xcconfig"; path = "Pods/Target Support Files/Pods-Puzzle JigsawTests/Pods-Puzzle JigsawTests.debug.xcconfig"; sourceTree = "<group>"; };
		871DAD9946880B1370B7923C /* Pods-Puzzle Jigsaw.release.xcconfig */ = {isa = PBXFileReference; includeInIndex = 1; lastKnownFileType = text.xcconfig; name = "Pods-Puzzle Jigsaw.release.xcconfig"; path = "Pods/Target Support Files/Pods-Puzzle Jigsaw/Pods-Puzzle Jigsaw.release.xcconfig"; sourceTree = "<group>"; };
		AE0110A81F2974CB0010E768 /* Assets.xcassets */ = {isa = PBXFileReference; lastKnownFileType = folder.assetcatalog; path = Assets.xcassets; sourceTree = "<group>"; };
		AE0A8DDC1F7B23AC006B0B27 /* Images.xcassets */ = {isa = PBXFileReference; lastKnownFileType = folder.assetcatalog; path = Images.xcassets; sourceTree = "<group>"; };
		AE3E55111F1550F900956B7B /* Puzzle Jigsaw.app */ = {isa = PBXFileReference; explicitFileType = wrapper.application; includeInIndex = 0; path = "Puzzle Jigsaw.app"; sourceTree = BUILT_PRODUCTS_DIR; };
		AE3E55141F1550F900956B7B /* AppDelegate.swift */ = {isa = PBXFileReference; lastKnownFileType = sourcecode.swift; path = AppDelegate.swift; sourceTree = "<group>"; };
		AE3E551C1F1550F900956B7B /* GameViewController.swift */ = {isa = PBXFileReference; lastKnownFileType = sourcecode.swift; path = GameViewController.swift; sourceTree = "<group>"; };
		AE3E551F1F1550F900956B7B /* Base */ = {isa = PBXFileReference; lastKnownFileType = file.storyboard; name = Base; path = Base.lproj/Main.storyboard; sourceTree = "<group>"; };
		AE3E55241F1550F900956B7B /* Base */ = {isa = PBXFileReference; lastKnownFileType = file.storyboard; name = Base; path = Base.lproj/LaunchScreen.storyboard; sourceTree = "<group>"; };
		AE3E55261F1550F900956B7B /* Info.plist */ = {isa = PBXFileReference; lastKnownFileType = text.plist.xml; path = Info.plist; sourceTree = "<group>"; };
		AE3E552B1F1550F900956B7B /* Puzzle JigsawTests.xctest */ = {isa = PBXFileReference; explicitFileType = wrapper.cfbundle; includeInIndex = 0; path = "Puzzle JigsawTests.xctest"; sourceTree = BUILT_PRODUCTS_DIR; };
		AE3E552F1F1550F900956B7B /* Puzzle_JigsawTests.swift */ = {isa = PBXFileReference; lastKnownFileType = sourcecode.swift; path = Puzzle_JigsawTests.swift; sourceTree = "<group>"; };
		AE3E55311F1550F900956B7B /* Info.plist */ = {isa = PBXFileReference; lastKnownFileType = text.plist.xml; path = Info.plist; sourceTree = "<group>"; };
		AE3E553B1F15741500956B7B /* Classes.swift */ = {isa = PBXFileReference; fileEncoding = 4; lastKnownFileType = sourcecode.swift; path = Classes.swift; sourceTree = "<group>"; };
		AE6FFC741F17E3BE001AF5D6 /* MenuScene.swift */ = {isa = PBXFileReference; fileEncoding = 4; lastKnownFileType = sourcecode.swift; path = MenuScene.swift; sourceTree = "<group>"; };
		AE9C7F8B1F16B380006FFD93 /* Extensions.swift */ = {isa = PBXFileReference; fileEncoding = 4; lastKnownFileType = sourcecode.swift; path = Extensions.swift; sourceTree = "<group>"; };
		AEA02A711F34108F00D2809C /* PuzzleMaker.framework */ = {isa = PBXFileReference; lastKnownFileType = wrapper.framework; name = PuzzleMaker.framework; path = "../../../../Library/Developer/Xcode/DerivedData/Puzzle_Jigsaw-ehwunntwggalytcehelpwgfzfned/Build/Products/Debug-iphonesimulator/PuzzleMaker/PuzzleMaker.framework"; sourceTree = "<group>"; };
		AEE90E0E1F255B630043C475 /* GameScene.swift */ = {isa = PBXFileReference; fileEncoding = 4; lastKnownFileType = sourcecode.swift; path = GameScene.swift; sourceTree = "<group>"; };
		AEE90E101F255B700043C475 /* Puzzle Jigsaw */ = {isa = PBXFileReference; lastKnownFileType = folder; path = "Puzzle Jigsaw"; sourceTree = "<group>"; };
		BE14FD15E5D31AEF12D11238 /* Pods_Puzzle_Jigsaw.framework */ = {isa = PBXFileReference; explicitFileType = wrapper.framework; includeInIndex = 0; path = Pods_Puzzle_Jigsaw.framework; sourceTree = BUILT_PRODUCTS_DIR; };
		E6F74DD83B8ABD30B79CB672 /* Pods-Puzzle JigsawTests.release.xcconfig */ = {isa = PBXFileReference; includeInIndex = 1; lastKnownFileType = text.xcconfig; name = "Pods-Puzzle JigsawTests.release.xcconfig"; path = "Pods/Target Support Files/Pods-Puzzle JigsawTests/Pods-Puzzle JigsawTests.release.xcconfig"; sourceTree = "<group>"; };
		F5EC8B824C48A507621EA7DB /* Pods-Puzzle Jigsaw.debug.xcconfig */ = {isa = PBXFileReference; includeInIndex = 1; lastKnownFileType = text.xcconfig; name = "Pods-Puzzle Jigsaw.debug.xcconfig"; path = "Pods/Target Support Files/Pods-Puzzle Jigsaw/Pods-Puzzle Jigsaw.debug.xcconfig"; sourceTree = "<group>"; };
/* End PBXFileReference section */

/* Begin PBXFrameworksBuildPhase section */
		AE3E550E1F1550F900956B7B /* Frameworks */ = {
			isa = PBXFrameworksBuildPhase;
			buildActionMask = 2147483647;
			files = (
				E67B52956FE961A11E5D2568 /* Pods_Puzzle_Jigsaw.framework in Frameworks */,
				AE3EBB341F3520430070F00D /* PuzzleMaker.framework in Frameworks */,
			);
			runOnlyForDeploymentPostprocessing = 0;
		};
		AE3E55281F1550F900956B7B /* Frameworks */ = {
			isa = PBXFrameworksBuildPhase;
			buildActionMask = 2147483647;
			files = (
				453BC4920257061A88A15D1F /* Pods_Puzzle_JigsawTests.framework in Frameworks */,
			);
			runOnlyForDeploymentPostprocessing = 0;
		};
/* End PBXFrameworksBuildPhase section */

/* Begin PBXGroup section */
		1471FD007FE40680D866585A /* Frameworks */ = {
			isa = PBXGroup;
			children = (
				AEA02A711F34108F00D2809C /* PuzzleMaker.framework */,
				BE14FD15E5D31AEF12D11238 /* Pods_Puzzle_Jigsaw.framework */,
				229D0774F70DC25AE1F27D00 /* Pods_Puzzle_JigsawTests.framework */,
			);
			name = Frameworks;
			sourceTree = "<group>";
		};
		4EE8BD2BB40A6E774D1B678F /* Pods */ = {
			isa = PBXGroup;
			children = (
				F5EC8B824C48A507621EA7DB /* Pods-Puzzle Jigsaw.debug.xcconfig */,
				871DAD9946880B1370B7923C /* Pods-Puzzle Jigsaw.release.xcconfig */,
				59F55C6362FB98329949DE88 /* Pods-Puzzle JigsawTests.debug.xcconfig */,
				E6F74DD83B8ABD30B79CB672 /* Pods-Puzzle JigsawTests.release.xcconfig */,
			);
			name = Pods;
			sourceTree = "<group>";
		};
		AE3E55081F1550F900956B7B = {
			isa = PBXGroup;
			children = (
				AEE90E101F255B700043C475 /* Puzzle Jigsaw */,
				AE3E55131F1550F900956B7B /* Puzzle Jigsaw */,
				AE3E552E1F1550F900956B7B /* Puzzle JigsawTests */,
				AE3E55121F1550F900956B7B /* Products */,
				4EE8BD2BB40A6E774D1B678F /* Pods */,
				1471FD007FE40680D866585A /* Frameworks */,
			);
			sourceTree = "<group>";
		};
		AE3E55121F1550F900956B7B /* Products */ = {
			isa = PBXGroup;
			children = (
				AE3E55111F1550F900956B7B /* Puzzle Jigsaw.app */,
				AE3E552B1F1550F900956B7B /* Puzzle JigsawTests.xctest */,
			);
			name = Products;
			sourceTree = "<group>";
		};
		AE3E55131F1550F900956B7B /* Puzzle Jigsaw */ = {
			isa = PBXGroup;
			children = (
				AE0110A81F2974CB0010E768 /* Assets.xcassets */,
				AEE90E0E1F255B630043C475 /* GameScene.swift */,
				AE9C7F8B1F16B380006FFD93 /* Extensions.swift */,
				AE3E55141F1550F900956B7B /* AppDelegate.swift */,
				AE3E551C1F1550F900956B7B /* GameViewController.swift */,
				AE6FFC741F17E3BE001AF5D6 /* MenuScene.swift */,
				AE3E553B1F15741500956B7B /* Classes.swift */,
				AE3E551E1F1550F900956B7B /* Main.storyboard */,
				AE3E55231F1550F900956B7B /* LaunchScreen.storyboard */,
				AE3E55261F1550F900956B7B /* Info.plist */,
				AE0A8DDC1F7B23AC006B0B27 /* Images.xcassets */,
			);
			path = "Puzzle Jigsaw";
			sourceTree = "<group>";
		};
		AE3E552E1F1550F900956B7B /* Puzzle JigsawTests */ = {
			isa = PBXGroup;
			children = (
				AE3E552F1F1550F900956B7B /* Puzzle_JigsawTests.swift */,
				AE3E55311F1550F900956B7B /* Info.plist */,
			);
			path = "Puzzle JigsawTests";
			sourceTree = "<group>";
		};
/* End PBXGroup section */

/* Begin PBXNativeTarget section */
		AE3E55101F1550F900956B7B /* Puzzle Jigsaw */ = {
			isa = PBXNativeTarget;
			buildConfigurationList = AE3E55341F1550F900956B7B /* Build configuration list for PBXNativeTarget "Puzzle Jigsaw" */;
			buildPhases = (
				0CF06910E005650F2F751923 /* [CP] Check Pods Manifest.lock */,
				AE3E550D1F1550F900956B7B /* Sources */,
				AE3E550E1F1550F900956B7B /* Frameworks */,
				AE3E550F1F1550F900956B7B /* Resources */,
				B9983741D6C11C238F3FB1FD /* [CP] Embed Pods Frameworks */,
				8DA2A6B307D7FE4F1D356324 /* [CP] Copy Pods Resources */,
				AE3EBB361F3520430070F00D /* Embed Frameworks */,
			);
			buildRules = (
			);
			dependencies = (
			);
			name = "Puzzle Jigsaw";
			productName = "Puzzle Jigsaw";
			productReference = AE3E55111F1550F900956B7B /* Puzzle Jigsaw.app */;
			productType = "com.apple.product-type.application";
		};
		AE3E552A1F1550F900956B7B /* Puzzle JigsawTests */ = {
			isa = PBXNativeTarget;
			buildConfigurationList = AE3E55371F1550F900956B7B /* Build configuration list for PBXNativeTarget "Puzzle JigsawTests" */;
			buildPhases = (
				8393D356E89A43B1D5760EC5 /* [CP] Check Pods Manifest.lock */,
				AE3E55271F1550F900956B7B /* Sources */,
				AE3E55281F1550F900956B7B /* Frameworks */,
				AE3E55291F1550F900956B7B /* Resources */,
				FCCD778E76E867B3AB7B5CBD /* [CP] Embed Pods Frameworks */,
				A2346E034990F2F2E23C81CE /* [CP] Copy Pods Resources */,
			);
			buildRules = (
			);
			dependencies = (
				AE3E552D1F1550F900956B7B /* PBXTargetDependency */,
			);
			name = "Puzzle JigsawTests";
			productName = "Puzzle JigsawTests";
			productReference = AE3E552B1F1550F900956B7B /* Puzzle JigsawTests.xctest */;
			productType = "com.apple.product-type.bundle.unit-test";
		};
/* End PBXNativeTarget section */

/* Begin PBXProject section */
		AE3E55091F1550F900956B7B /* Project object */ = {
			isa = PBXProject;
			attributes = {
				LastSwiftUpdateCheck = 0830;
				LastUpgradeCheck = 0900;
				ORGANIZATIONNAME = "Charles Zhang";
				TargetAttributes = {
					AE3E55101F1550F900956B7B = {
						CreatedOnToolsVersion = 8.3.3;
						DevelopmentTeam = 7F7C6MC2X4;
						ProvisioningStyle = Automatic;
					};
					AE3E552A1F1550F900956B7B = {
						CreatedOnToolsVersion = 8.3.3;
						ProvisioningStyle = Automatic;
						TestTargetID = AE3E55101F1550F900956B7B;
					};
				};
			};
			buildConfigurationList = AE3E550C1F1550F900956B7B /* Build configuration list for PBXProject "Puzzle Jigsaw" */;
			compatibilityVersion = "Xcode 3.2";
			developmentRegion = English;
			hasScannedForEncodings = 0;
			knownRegions = (
				en,
				Base,
			);
			mainGroup = AE3E55081F1550F900956B7B;
			productRefGroup = AE3E55121F1550F900956B7B /* Products */;
			projectDirPath = "";
			projectRoot = "";
			targets = (
				AE3E55101F1550F900956B7B /* Puzzle Jigsaw */,
				AE3E552A1F1550F900956B7B /* Puzzle JigsawTests */,
			);
		};
/* End PBXProject section */

/* Begin PBXResourcesBuildPhase section */
		AE3E550F1F1550F900956B7B /* Resources */ = {
			isa = PBXResourcesBuildPhase;
			buildActionMask = 2147483647;
			files = (
				AE3E55201F1550F900956B7B /* Main.storyboard in Resources */,
				AE0A8DDD1F7B23AC006B0B27 /* Images.xcassets in Resources */,
				AE0110A91F2974CB0010E768 /* Assets.xcassets in Resources */,
				AE3E55251F1550F900956B7B /* LaunchScreen.storyboard in Resources */,
			);
			runOnlyForDeploymentPostprocessing = 0;
		};
		AE3E55291F1550F900956B7B /* Resources */ = {
			isa = PBXResourcesBuildPhase;
			buildActionMask = 2147483647;
			files = (
			);
			runOnlyForDeploymentPostprocessing = 0;
		};
/* End PBXResourcesBuildPhase section */

/* Begin PBXShellScriptBuildPhase section */
		0CF06910E005650F2F751923 /* [CP] Check Pods Manifest.lock */ = {
			isa = PBXShellScriptBuildPhase;
			buildActionMask = 2147483647;
			files = (
			);
			inputPaths = (
			);
			name = "[CP] Check Pods Manifest.lock";
			outputPaths = (
			);
			runOnlyForDeploymentPostprocessing = 0;
			shellPath = /bin/sh;
			shellScript = "diff \"${PODS_PODFILE_DIR_PATH}/Podfile.lock\" \"${PODS_ROOT}/Manifest.lock\" > /dev/null\nif [ $? != 0 ] ; then\n    # print error to STDERR\n    echo \"error: The sandbox is not in sync with the Podfile.lock. Run 'pod install' or update your CocoaPods installation.\" >&2\n    exit 1\nfi\n";
			showEnvVarsInLog = 0;
		};
		8393D356E89A43B1D5760EC5 /* [CP] Check Pods Manifest.lock */ = {
			isa = PBXShellScriptBuildPhase;
			buildActionMask = 2147483647;
			files = (
			);
			inputPaths = (
			);
			name = "[CP] Check Pods Manifest.lock";
			outputPaths = (
			);
			runOnlyForDeploymentPostprocessing = 0;
			shellPath = /bin/sh;
			shellScript = "diff \"${PODS_PODFILE_DIR_PATH}/Podfile.lock\" \"${PODS_ROOT}/Manifest.lock\" > /dev/null\nif [ $? != 0 ] ; then\n    # print error to STDERR\n    echo \"error: The sandbox is not in sync with the Podfile.lock. Run 'pod install' or update your CocoaPods installation.\" >&2\n    exit 1\nfi\n";
			showEnvVarsInLog = 0;
		};
		8DA2A6B307D7FE4F1D356324 /* [CP] Copy Pods Resources */ = {
			isa = PBXShellScriptBuildPhase;
			buildActionMask = 2147483647;
			files = (
			);
			inputPaths = (
			);
			name = "[CP] Copy Pods Resources";
			outputPaths = (
			);
			runOnlyForDeploymentPostprocessing = 0;
			shellPath = /bin/sh;
			shellScript = "\"${SRCROOT}/Pods/Target Support Files/Pods-Puzzle Jigsaw/Pods-Puzzle Jigsaw-resources.sh\"\n";
			showEnvVarsInLog = 0;
		};
		A2346E034990F2F2E23C81CE /* [CP] Copy Pods Resources */ = {
			isa = PBXShellScriptBuildPhase;
			buildActionMask = 2147483647;
			files = (
			);
			inputPaths = (
			);
			name = "[CP] Copy Pods Resources";
			outputPaths = (
			);
			runOnlyForDeploymentPostprocessing = 0;
			shellPath = /bin/sh;
			shellScript = "\"${SRCROOT}/Pods/Target Support Files/Pods-Puzzle JigsawTests/Pods-Puzzle JigsawTests-resources.sh\"\n";
			showEnvVarsInLog = 0;
		};
		B9983741D6C11C238F3FB1FD /* [CP] Embed Pods Frameworks */ = {
			isa = PBXShellScriptBuildPhase;
			buildActionMask = 2147483647;
			files = (
			);
			inputPaths = (
			);
			name = "[CP] Embed Pods Frameworks";
			outputPaths = (
			);
			runOnlyForDeploymentPostprocessing = 0;
			shellPath = /bin/sh;
			shellScript = "\"${SRCROOT}/Pods/Target Support Files/Pods-Puzzle Jigsaw/Pods-Puzzle Jigsaw-frameworks.sh\"\n";
			showEnvVarsInLog = 0;
		};
		FCCD778E76E867B3AB7B5CBD /* [CP] Embed Pods Frameworks */ = {
			isa = PBXShellScriptBuildPhase;
			buildActionMask = 2147483647;
			files = (
			);
			inputPaths = (
			);
			name = "[CP] Embed Pods Frameworks";
			outputPaths = (
			);
			runOnlyForDeploymentPostprocessing = 0;
			shellPath = /bin/sh;
			shellScript = "\"${SRCROOT}/Pods/Target Support Files/Pods-Puzzle JigsawTests/Pods-Puzzle JigsawTests-frameworks.sh\"\n";
			showEnvVarsInLog = 0;
		};
/* End PBXShellScriptBuildPhase section */

/* Begin PBXSourcesBuildPhase section */
		AE3E550D1F1550F900956B7B /* Sources */ = {
			isa = PBXSourcesBuildPhase;
			buildActionMask = 2147483647;
			files = (
				AEE90E0F1F255B630043C475 /* GameScene.swift in Sources */,
				AE9C7F8C1F16B380006FFD93 /* Extensions.swift in Sources */,
				AE3E551D1F1550F900956B7B /* GameViewController.swift in Sources */,
				AE6FFC751F17E3BE001AF5D6 /* MenuScene.swift in Sources */,
				AE3E553C1F15741500956B7B /* Classes.swift in Sources */,
				AE3E55151F1550F900956B7B /* AppDelegate.swift in Sources */,
			);
			runOnlyForDeploymentPostprocessing = 0;
		};
		AE3E55271F1550F900956B7B /* Sources */ = {
			isa = PBXSourcesBuildPhase;
			buildActionMask = 2147483647;
			files = (
				AE3E55301F1550F900956B7B /* Puzzle_JigsawTests.swift in Sources */,
			);
			runOnlyForDeploymentPostprocessing = 0;
		};
/* End PBXSourcesBuildPhase section */

/* Begin PBXTargetDependency section */
		AE3E552D1F1550F900956B7B /* PBXTargetDependency */ = {
			isa = PBXTargetDependency;
			target = AE3E55101F1550F900956B7B /* Puzzle Jigsaw */;
			targetProxy = AE3E552C1F1550F900956B7B /* PBXContainerItemProxy */;
		};
/* End PBXTargetDependency section */

/* Begin PBXVariantGroup section */
		AE3E551E1F1550F900956B7B /* Main.storyboard */ = {
			isa = PBXVariantGroup;
			children = (
				AE3E551F1F1550F900956B7B /* Base */,
			);
			name = Main.storyboard;
			sourceTree = "<group>";
		};
		AE3E55231F1550F900956B7B /* LaunchScreen.storyboard */ = {
			isa = PBXVariantGroup;
			children = (
				AE3E55241F1550F900956B7B /* Base */,
			);
			name = LaunchScreen.storyboard;
			sourceTree = "<group>";
		};
/* End PBXVariantGroup section */

/* Begin XCBuildConfiguration section */
		AE3E55321F1550F900956B7B /* Debug */ = {
			isa = XCBuildConfiguration;
			buildSettings = {
				ALWAYS_SEARCH_USER_PATHS = NO;
				CLANG_ANALYZER_NONNULL = YES;
				CLANG_ANALYZER_NUMBER_OBJECT_CONVERSION = YES_AGGRESSIVE;
				CLANG_CXX_LANGUAGE_STANDARD = "gnu++0x";
				CLANG_CXX_LIBRARY = "libc++";
				CLANG_ENABLE_MODULES = YES;
				CLANG_ENABLE_OBJC_ARC = YES;
				CLANG_WARN_BLOCK_CAPTURE_AUTORELEASING = YES;
				CLANG_WARN_BOOL_CONVERSION = YES;
				CLANG_WARN_COMMA = YES;
				CLANG_WARN_CONSTANT_CONVERSION = YES;
				CLANG_WARN_DIRECT_OBJC_ISA_USAGE = YES_ERROR;
				CLANG_WARN_DOCUMENTATION_COMMENTS = YES;
				CLANG_WARN_EMPTY_BODY = YES;
				CLANG_WARN_ENUM_CONVERSION = YES;
				CLANG_WARN_INFINITE_RECURSION = YES;
				CLANG_WARN_INT_CONVERSION = YES;
				CLANG_WARN_NON_LITERAL_NULL_CONVERSION = YES;
				CLANG_WARN_OBJC_LITERAL_CONVERSION = YES;
				CLANG_WARN_OBJC_ROOT_CLASS = YES_ERROR;
				CLANG_WARN_RANGE_LOOP_ANALYSIS = YES;
				CLANG_WARN_STRICT_PROTOTYPES = YES;
				CLANG_WARN_SUSPICIOUS_MOVE = YES;
				CLANG_WARN_UNREACHABLE_CODE = YES;
				CLANG_WARN__DUPLICATE_METHOD_MATCH = YES;
				"CODE_SIGN_IDENTITY[sdk=iphoneos*]" = "iPhone Developer";
				COPY_PHASE_STRIP = NO;
				DEBUG_INFORMATION_FORMAT = dwarf;
				ENABLE_STRICT_OBJC_MSGSEND = YES;
				ENABLE_TESTABILITY = YES;
				GCC_C_LANGUAGE_STANDARD = gnu99;
				GCC_DYNAMIC_NO_PIC = NO;
				GCC_NO_COMMON_BLOCKS = YES;
				GCC_OPTIMIZATION_LEVEL = 0;
				GCC_PREPROCESSOR_DEFINITIONS = (
					"DEBUG=1",
					"$(inherited)",
				);
				GCC_WARN_64_TO_32_BIT_CONVERSION = YES;
				GCC_WARN_ABOUT_RETURN_TYPE = YES_ERROR;
				GCC_WARN_UNDECLARED_SELECTOR = YES;
				GCC_WARN_UNINITIALIZED_AUTOS = YES_AGGRESSIVE;
				GCC_WARN_UNUSED_FUNCTION = YES;
				GCC_WARN_UNUSED_VARIABLE = YES;
				IPHONEOS_DEPLOYMENT_TARGET = 9.3;
				MTL_ENABLE_DEBUG_INFO = YES;
				ONLY_ACTIVE_ARCH = YES;
				SDKROOT = iphoneos;
				SWIFT_ACTIVE_COMPILATION_CONDITIONS = DEBUG;
				SWIFT_OPTIMIZATION_LEVEL = "-Onone";
				TARGETED_DEVICE_FAMILY = "1,2";
			};
			name = Debug;
		};
		AE3E55331F1550F900956B7B /* Release */ = {
			isa = XCBuildConfiguration;
			buildSettings = {
				ALWAYS_SEARCH_USER_PATHS = NO;
				CLANG_ANALYZER_NONNULL = YES;
				CLANG_ANALYZER_NUMBER_OBJECT_CONVERSION = YES_AGGRESSIVE;
				CLANG_CXX_LANGUAGE_STANDARD = "gnu++0x";
				CLANG_CXX_LIBRARY = "libc++";
				CLANG_ENABLE_MODULES = YES;
				CLANG_ENABLE_OBJC_ARC = YES;
				CLANG_WARN_BLOCK_CAPTURE_AUTORELEASING = YES;
				CLANG_WARN_BOOL_CONVERSION = YES;
				CLANG_WARN_COMMA = YES;
				CLANG_WARN_CONSTANT_CONVERSION = YES;
				CLANG_WARN_DIRECT_OBJC_ISA_USAGE = YES_ERROR;
				CLANG_WARN_DOCUMENTATION_COMMENTS = YES;
				CLANG_WARN_EMPTY_BODY = YES;
				CLANG_WARN_ENUM_CONVERSION = YES;
				CLANG_WARN_INFINITE_RECURSION = YES;
				CLANG_WARN_INT_CONVERSION = YES;
				CLANG_WARN_NON_LITERAL_NULL_CONVERSION = YES;
				CLANG_WARN_OBJC_LITERAL_CONVERSION = YES;
				CLANG_WARN_OBJC_ROOT_CLASS = YES_ERROR;
				CLANG_WARN_RANGE_LOOP_ANALYSIS = YES;
				CLANG_WARN_STRICT_PROTOTYPES = YES;
				CLANG_WARN_SUSPICIOUS_MOVE = YES;
				CLANG_WARN_UNREACHABLE_CODE = YES;
				CLANG_WARN__DUPLICATE_METHOD_MATCH = YES;
				CODE_SIGN_IDENTITY = "iPhone Developer: Qian Zhang (8DW9M4ZP67)";
				"CODE_SIGN_IDENTITY[sdk=iphoneos*]" = "iPhone Developer: Qian Zhang (8DW9M4ZP67)";
				COPY_PHASE_STRIP = NO;
				DEBUG_INFORMATION_FORMAT = "dwarf-with-dsym";
				ENABLE_NS_ASSERTIONS = NO;
				ENABLE_STRICT_OBJC_MSGSEND = YES;
				GCC_C_LANGUAGE_STANDARD = gnu99;
				GCC_NO_COMMON_BLOCKS = YES;
				GCC_WARN_64_TO_32_BIT_CONVERSION = YES;
				GCC_WARN_ABOUT_RETURN_TYPE = YES_ERROR;
				GCC_WARN_UNDECLARED_SELECTOR = YES;
				GCC_WARN_UNINITIALIZED_AUTOS = YES_AGGRESSIVE;
				GCC_WARN_UNUSED_FUNCTION = YES;
				GCC_WARN_UNUSED_VARIABLE = YES;
				IPHONEOS_DEPLOYMENT_TARGET = 9.3;
				MTL_ENABLE_DEBUG_INFO = NO;
				SDKROOT = iphoneos;
				SWIFT_OPTIMIZATION_LEVEL = "-Owholemodule";
				TARGETED_DEVICE_FAMILY = "1,2";
				VALIDATE_PRODUCT = YES;
			};
			name = Release;
		};
		AE3E55351F1550F900956B7B /* Debug */ = {
			isa = XCBuildConfiguration;
			baseConfigurationReference = F5EC8B824C48A507621EA7DB /* Pods-Puzzle Jigsaw.debug.xcconfig */;
			buildSettings = {
				ASSETCATALOG_COMPILER_APPICON_NAME = AppIcon;
				DEVELOPMENT_TEAM = 7F7C6MC2X4;
				INFOPLIST_FILE = "Puzzle Jigsaw/Info.plist";
				IPHONEOS_DEPLOYMENT_TARGET = 9.3;
				LD_RUNPATH_SEARCH_PATHS = "$(inherited) @executable_path/Frameworks";
				PRODUCT_BUNDLE_IDENTIFIER = com.firebird.ezjigsaw;
				PRODUCT_NAME = "$(TARGET_NAME)";
				SWIFT_VERSION = 3.0;
				TARGETED_DEVICE_FAMILY = "1,2";
			};
			name = Debug;
		};
		AE3E55361F1550F900956B7B /* Release */ = {
			isa = XCBuildConfiguration;
			baseConfigurationReference = 871DAD9946880B1370B7923C /* Pods-Puzzle Jigsaw.release.xcconfig */;
			buildSettings = {
				ASSETCATALOG_COMPILER_APPICON_NAME = AppIcon;
				DEVELOPMENT_TEAM = 7F7C6MC2X4;
				INFOPLIST_FILE = "Puzzle Jigsaw/Info.plist";
				IPHONEOS_DEPLOYMENT_TARGET = 9.3;
				LD_RUNPATH_SEARCH_PATHS = "$(inherited) @executable_path/Frameworks";
				PRODUCT_BUNDLE_IDENTIFIER = com.firebird.ezjigsaw;
				PRODUCT_NAME = "$(TARGET_NAME)";
				SWIFT_VERSION = 3.0;
				TARGETED_DEVICE_FAMILY = "1,2";
			};
			name = Release;
		};
		AE3E55381F1550F900956B7B /* Debug */ = {
			isa = XCBuildConfiguration;
			baseConfigurationReference = 59F55C6362FB98329949DE88 /* Pods-Puzzle JigsawTests.debug.xcconfig */;
			buildSettings = {
				ALWAYS_EMBED_SWIFT_STANDARD_LIBRARIES = YES;
				BUNDLE_LOADER = "$(TEST_HOST)";
				INFOPLIST_FILE = "Puzzle JigsawTests/Info.plist";
				LD_RUNPATH_SEARCH_PATHS = "$(inherited) @executable_path/Frameworks @loader_path/Frameworks";
				PRODUCT_BUNDLE_IDENTIFIER = "com.example.Puzzle-JigsawTests";
				PRODUCT_NAME = "$(TARGET_NAME)";
				SWIFT_VERSION = 3.0;
				TEST_HOST = "$(BUILT_PRODUCTS_DIR)/Puzzle Jigsaw.app/Puzzle Jigsaw";
			};
			name = Debug;
		};
		AE3E55391F1550F900956B7B /* Release */ = {
			isa = XCBuildConfiguration;
			baseConfigurationReference = E6F74DD83B8ABD30B79CB672 /* Pods-Puzzle JigsawTests.release.xcconfig */;
			buildSettings = {
				ALWAYS_EMBED_SWIFT_STANDARD_LIBRARIES = YES;
				BUNDLE_LOADER = "$(TEST_HOST)";
				INFOPLIST_FILE = "Puzzle JigsawTests/Info.plist";
				LD_RUNPATH_SEARCH_PATHS = "$(inherited) @executable_path/Frameworks @loader_path/Frameworks";
				PRODUCT_BUNDLE_IDENTIFIER = "com.example.Puzzle-JigsawTests";
				PRODUCT_NAME = "$(TARGET_NAME)";
				SWIFT_VERSION = 3.0;
				TEST_HOST = "$(BUILT_PRODUCTS_DIR)/Puzzle Jigsaw.app/Puzzle Jigsaw";
			};
			name = Release;
		};
/* End XCBuildConfiguration section */

/* Begin XCConfigurationList section */
		AE3E550C1F1550F900956B7B /* Build configuration list for PBXProject "Puzzle Jigsaw" */ = {
			isa = XCConfigurationList;
			buildConfigurations = (
				AE3E55321F1550F900956B7B /* Debug */,
				AE3E55331F1550F900956B7B /* Release */,
			);
			defaultConfigurationIsVisible = 0;
			defaultConfigurationName = Release;
		};
		AE3E55341F1550F900956B7B /* Build configuration list for PBXNativeTarget "Puzzle Jigsaw" */ = {
			isa = XCConfigurationList;
			buildConfigurations = (
				AE3E55351F1550F900956B7B /* Debug */,
				AE3E55361F1550F900956B7B /* Release */,
			);
			defaultConfigurationIsVisible = 0;
			defaultConfigurationName = Release;
		};
		AE3E55371F1550F900956B7B /* Build configuration list for PBXNativeTarget "Puzzle JigsawTests" */ = {
			isa = XCConfigurationList;
			buildConfigurations = (
				AE3E55381F1550F900956B7B /* Debug */,
				AE3E55391F1550F900956B7B /* Release */,
			);
			defaultConfigurationIsVisible = 0;
			defaultConfigurationName = Release;
		};
/* End XCConfigurationList section */
	};
	rootObject = AE3E55091F1550F900956B7B /* Project object */;
}
